// !$*UTF8*$!
{
	archiveVersion = 1;
	classes = {
	};
	objectVersion = 46;
	objects = {

/* Begin PBXBuildFile section */
		11BB260E1DFBBE4A005C1247 /* AppDelegate.swift in Sources */ = {isa = PBXBuildFile; fileRef = 11BB260D1DFBBE4A005C1247 /* AppDelegate.swift */; };
		11BB26101DFBBE4A005C1247 /* ViewController.swift in Sources */ = {isa = PBXBuildFile; fileRef = 11BB260F1DFBBE4A005C1247 /* ViewController.swift */; };
		11BB26131DFBBE4A005C1247 /* Main.storyboard in Resources */ = {isa = PBXBuildFile; fileRef = 11BB26111DFBBE4A005C1247 /* Main.storyboard */; };
		11BB26161DFBBE4A005C1247 /* NameTheShow.xcdatamodeld in Sources */ = {isa = PBXBuildFile; fileRef = 11BB26141DFBBE4A005C1247 /* NameTheShow.xcdatamodeld */; };
		11BB26181DFBBE4A005C1247 /* Assets.xcassets in Resources */ = {isa = PBXBuildFile; fileRef = 11BB26171DFBBE4A005C1247 /* Assets.xcassets */; };
		11BB261B1DFBBE4A005C1247 /* LaunchScreen.storyboard in Resources */ = {isa = PBXBuildFile; fileRef = 11BB26191DFBBE4A005C1247 /* LaunchScreen.storyboard */; };
/* End PBXBuildFile section */

/* Begin PBXFileReference section */
		11BB260A1DFBBE4A005C1247 /* NameTheShow.app */ = {isa = PBXFileReference; explicitFileType = wrapper.application; includeInIndex = 0; path = NameTheShow.app; sourceTree = BUILT_PRODUCTS_DIR; };
		11BB260D1DFBBE4A005C1247 /* AppDelegate.swift */ = {isa = PBXFileReference; lastKnownFileType = sourcecode.swift; path = AppDelegate.swift; sourceTree = "<group>"; };
		11BB260F1DFBBE4A005C1247 /* ViewController.swift */ = {isa = PBXFileReference; lastKnownFileType = sourcecode.swift; path = ViewController.swift; sourceTree = "<group>"; };
		11BB26121DFBBE4A005C1247 /* Base */ = {isa = PBXFileReference; lastKnownFileType = file.storyboard; name = Base; path = Base.lproj/Main.storyboard; sourceTree = "<group>"; };
		11BB26151DFBBE4A005C1247 /* NameTheShow.xcdatamodel */ = {isa = PBXFileReference; lastKnownFileType = wrapper.xcdatamodel; path = NameTheShow.xcdatamodel; sourceTree = "<group>"; };
		11BB26171DFBBE4A005C1247 /* Assets.xcassets */ = {isa = PBXFileReference; lastKnownFileType = folder.assetcatalog; path = Assets.xcassets; sourceTree = "<group>"; };
		11BB261A1DFBBE4A005C1247 /* Base */ = {isa = PBXFileReference; lastKnownFileType = file.storyboard; name = Base; path = Base.lproj/LaunchScreen.storyboard; sourceTree = "<group>"; };
		11BB261C1DFBBE4A005C1247 /* Info.plist */ = {isa = PBXFileReference; lastKnownFileType = text.plist.xml; path = Info.plist; sourceTree = "<group>"; };
/* End PBXFileReference section */

/* Begin PBXFrameworksBuildPhase section */
		11BB26071DFBBE49005C1247 /* Frameworks */ = {
			isa = PBXFrameworksBuildPhase;
			buildActionMask = 2147483647;
			files = (
			);
			runOnlyForDeploymentPostprocessing = 0;
		};
/* End PBXFrameworksBuildPhase section */

/* Begin PBXGroup section */
		11BB26011DFBBE49005C1247 = {
			isa = PBXGroup;
			children = (
				11BB260C1DFBBE4A005C1247 /* NameTheShow */,
				11BB260B1DFBBE4A005C1247 /* Products */,
			);
			sourceTree = "<group>";
		};
		11BB260B1DFBBE4A005C1247 /* Products */ = {
			isa = PBXGroup;
			children = (
				11BB260A1DFBBE4A005C1247 /* NameTheShow.app */,
			);
			name = Products;
			sourceTree = "<group>";
		};
		11BB260C1DFBBE4A005C1247 /* NameTheShow */ = {
			isa = PBXGroup;
			children = (
				11BB260D1DFBBE4A005C1247 /* AppDelegate.swift */,
				11BB260F1DFBBE4A005C1247 /* ViewController.swift */,
				11BB26111DFBBE4A005C1247 /* Main.storyboard */,
				11BB26171DFBBE4A005C1247 /* Assets.xcassets */,
				11BB26191DFBBE4A005C1247 /* LaunchScreen.storyboard */,
				11BB261C1DFBBE4A005C1247 /* Info.plist */,
				11BB26141DFBBE4A005C1247 /* NameTheShow.xcdatamodeld */,
			);
			path = NameTheShow;
			sourceTree = "<group>";
		};
/* End PBXGroup section */

/* Begin PBXNativeTarget section */
		11BB26091DFBBE49005C1247 /* NameTheShow */ = {
			isa = PBXNativeTarget;
			buildConfigurationList = 11BB261F1DFBBE4A005C1247 /* Build configuration list for PBXNativeTarget "NameTheShow" */;
			buildPhases = (
				11BB26061DFBBE49005C1247 /* Sources */,
				11BB26071DFBBE49005C1247 /* Frameworks */,
				11BB26081DFBBE49005C1247 /* Resources */,
			);
			buildRules = (
			);
			dependencies = (
			);
			name = NameTheShow;
			productName = NameTheShow;
			productReference = 11BB260A1DFBBE4A005C1247 /* NameTheShow.app */;
			productType = "com.apple.product-type.application";
		};
/* End PBXNativeTarget section */

/* Begin PBXProject section */
		11BB26021DFBBE49005C1247 /* Project object */ = {
			isa = PBXProject;
			attributes = {
				LastSwiftUpdateCheck = 0810;
				LastUpgradeCheck = 0810;
				ORGANIZATIONNAME = "Laticia Chance";
				TargetAttributes = {
					11BB26091DFBBE49005C1247 = {
						CreatedOnToolsVersion = 8.1;
						ProvisioningStyle = Automatic;
					};
				};
			};
			buildConfigurationList = 11BB26051DFBBE49005C1247 /* Build configuration list for PBXProject "NameTheShow" */;
			compatibilityVersion = "Xcode 3.2";
			developmentRegion = English;
			hasScannedForEncodings = 0;
			knownRegions = (
				en,
				Base,
			);
			mainGroup = 11BB26011DFBBE49005C1247;
			productRefGroup = 11BB260B1DFBBE4A005C1247 /* Products */;
			projectDirPath = "";
			projectRoot = "";
			targets = (
				11BB26091DFBBE49005C1247 /* NameTheShow */,
			);
		};
/* End PBXProject section */

/* Begin PBXResourcesBuildPhase section */
		11BB26081DFBBE49005C1247 /* Resources */ = {
			isa = PBXResourcesBuildPhase;
			buildActionMask = 2147483647;
			files = (
				11BB261B1DFBBE4A005C1247 /* LaunchScreen.storyboard in Resources */,
				11BB26181DFBBE4A005C1247 /* Assets.xcassets in Resources */,
				11BB26131DFBBE4A005C1247 /* Main.storyboard in Resources */,
			);
			runOnlyForDeploymentPostprocessing = 0;
		};
/* End PBXResourcesBuildPhase section */

/* Begin PBXSourcesBuildPhase section */
		11BB26061DFBBE49005C1247 /* Sources */ = {
			isa = PBXSourcesBuildPhase;
			buildActionMask = 2147483647;
			files = (
				11BB26101DFBBE4A005C1247 /* ViewController.swift in Sources */,
				11BB260E1DFBBE4A005C1247 /* AppDelegate.swift in Sources */,
				11BB26161DFBBE4A005C1247 /* NameTheShow.xcdatamodeld in Sources */,
			);
			runOnlyForDeploymentPostprocessing = 0;
		};
/* End PBXSourcesBuildPhase section */

/* Begin PBXVariantGroup section */
		11BB26111DFBBE4A005C1247 /* Main.storyboard */ = {
			isa = PBXVariantGroup;
			children = (
				11BB26121DFBBE4A005C1247 /* Base */,
			);
			name = Main.storyboard;
			sourceTree = "<group>";
		};
		11BB26191DFBBE4A005C1247 /* LaunchScreen.storyboard */ = {
			isa = PBXVariantGroup;
			children = (
				11BB261A1DFBBE4A005C1247 /* Base */,
			);
			name = LaunchScreen.storyboard;
			sourceTree = "<group>";
		};
/* End PBXVariantGroup section */

/* Begin XCBuildConfiguration section */
		11BB261D1DFBBE4A005C1247 /* Debug */ = {
			isa = XCBuildConfiguration;
			buildSettings = {
				ALWAYS_SEARCH_USER_PATHS = NO;
				CLANG_ANALYZER_NONNULL = YES;
				CLANG_CXX_LANGUAGE_STANDARD = "gnu++0x";
				CLANG_CXX_LIBRARY = "libc++";
				CLANG_ENABLE_MODULES = YES;
				CLANG_ENABLE_OBJC_ARC = YES;
				CLANG_WARN_BOOL_CONVERSION = YES;
				CLANG_WARN_CONSTANT_CONVERSION = YES;
				CLANG_WARN_DIRECT_OBJC_ISA_USAGE = YES_ERROR;
				CLANG_WARN_DOCUMENTATION_COMMENTS = YES;
				CLANG_WARN_EMPTY_BODY = YES;
				CLANG_WARN_ENUM_CONVERSION = YES;
				CLANG_WARN_INFINITE_RECURSION = YES;
				CLANG_WARN_INT_CONVERSION = YES;
				CLANG_WARN_OBJC_ROOT_CLASS = YES_ERROR;
				CLANG_WARN_SUSPICIOUS_MOVES = YES;
				CLANG_WARN_UNREACHABLE_CODE = YES;
				CLANG_WARN__DUPLICATE_METHOD_MATCH = YES;
				"CODE_SIGN_IDENTITY[sdk=iphoneos*]" = "iPhone Developer";
				COPY_PHASE_STRIP = NO;
				DEBUG_INFORMATION_FORMAT = dwarf;
				ENABLE_STRICT_OBJC_MSGSEND = YES;
				ENABLE_TESTABILITY = YES;
				GCC_C_LANGUAGE_STANDARD = gnu99;
				GCC_DYNAMIC_NO_PIC = NO;
				GCC_NO_COMMON_BLOCKS = YES;
				GCC_OPTIMIZATION_LEVEL = 0;
				GCC_PREPROCESSOR_DEFINITIONS = (
					"DEBUG=1",
					"$(inherited)",
				);
				GCC_WARN_64_TO_32_BIT_CONVERSION = YES;
				GCC_WARN_ABOUT_RETURN_TYPE = YES_ERROR;
				GCC_WARN_UNDECLARED_SELECTOR = YES;
				GCC_WARN_UNINITIALIZED_AUTOS = YES_AGGRESSIVE;
				GCC_WARN_UNUSED_FUNCTION = YES;
				GCC_WARN_UNUSED_VARIABLE = YES;
				IPHONEOS_DEPLOYMENT_TARGET = 10.1;
				MTL_ENABLE_DEBUG_INFO = YES;
				ONLY_ACTIVE_ARCH = YES;
				SDKROOT = iphoneos;
				SWIFT_ACTIVE_COMPILATION_CONDITIONS = DEBUG;
				SWIFT_OPTIMIZATION_LEVEL = "-Onone";
				TARGETED_DEVICE_FAMILY = "1,2";
			};
			name = Debug;
		};
		11BB261E1DFBBE4A005C1247 /* Release */ = {
			isa = XCBuildConfiguration;
			buildSettings = {
				ALWAYS_SEARCH_USER_PATHS = NO;
				CLANG_ANALYZER_NONNULL = YES;
				CLANG_CXX_LANGUAGE_STANDARD = "gnu++0x";
				CLANG_CXX_LIBRARY = "libc++";
				CLANG_ENABLE_MODULES = YES;
				CLANG_ENABLE_OBJC_ARC = YES;
				CLANG_WARN_BOOL_CONVERSION = YES;
				CLANG_WARN_CONSTANT_CONVERSION = YES;
				CLANG_WARN_DIRECT_OBJC_ISA_USAGE = YES_ERROR;
				CLANG_WARN_DOCUMENTATION_COMMENTS = YES;
				CLANG_WARN_EMPTY_BODY = YES;
				CLANG_WARN_ENUM_CONVERSION = YES;
				CLANG_WARN_INFINITE_RECURSION = YES;
				CLANG_WARN_INT_CONVERSION = YES;
				CLANG_WARN_OBJC_ROOT_CLASS = YES_ERROR;
				CLANG_WARN_SUSPICIOUS_MOVES = YES;
				CLANG_WARN_UNREACHABLE_CODE = YES;
				CLANG_WARN__DUPLICATE_METHOD_MATCH = YES;
				"CODE_SIGN_IDENTITY[sdk=iphoneos*]" = "iPhone Developer";
				COPY_PHASE_STRIP = NO;
				DEBUG_INFORMATION_FORMAT = "dwarf-with-dsym";
				ENABLE_NS_ASSERTIONS = NO;
				ENABLE_STRICT_OBJC_MSGSEND = YES;
				GCC_C_LANGUAGE_STANDARD = gnu99;
				GCC_NO_COMMON_BLOCKS = YES;
				GCC_WARN_64_TO_32_BIT_CONVERSION = YES;
				GCC_WARN_ABOUT_RETURN_TYPE = YES_ERROR;
				GCC_WARN_UNDECLARED_SELECTOR = YES;
				GCC_WARN_UNINITIALIZED_AUTOS = YES_AGGRESSIVE;
				GCC_WARN_UNUSED_FUNCTION = YES;
				GCC_WARN_UNUSED_VARIABLE = YES;
				IPHONEOS_DEPLOYMENT_TARGET = 10.1;
				MTL_ENABLE_DEBUG_INFO = NO;
				SDKROOT = iphoneos;
				SWIFT_OPTIMIZATION_LEVEL = "-Owholemodule";
				TARGETED_DEVICE_FAMILY = "1,2";
				VALIDATE_PRODUCT = YES;
			};
			name = Release;
		};
		11BB26201DFBBE4A005C1247 /* Debug */ = {
			isa = XCBuildConfiguration;
			buildSettings = {
				ASSETCATALOG_COMPILER_APPICON_NAME = AppIcon;
				INFOPLIST_FILE = NameTheShow/Info.plist;
				LD_RUNPATH_SEARCH_PATHS = "$(inherited) @executable_path/Frameworks";
				PRODUCT_BUNDLE_IDENTIFIER = com.ElectricChance.NameTheShow;
				PRODUCT_NAME = "$(TARGET_NAME)";
				SWIFT_VERSION = 3.0;
			};
			name = Debug;
		};
		11BB26211DFBBE4A005C1247 /* Release */ = {
			isa = XCBuildConfiguration;
			buildSettings = {
				ASSETCATALOG_COMPILER_APPICON_NAME = AppIcon;
				INFOPLIST_FILE = NameTheShow/Info.plist;
				LD_RUNPATH_SEARCH_PATHS = "$(inherited) @executable_path/Frameworks";
				PRODUCT_BUNDLE_IDENTIFIER = com.ElectricChance.NameTheShow;
				PRODUCT_NAME = "$(TARGET_NAME)";
				SWIFT_VERSION = 3.0;
			};
			name = Release;
		};
/* End XCBuildConfiguration section */

/* Begin XCConfigurationList section */
		11BB26051DFBBE49005C1247 /* Build configuration list for PBXProject "NameTheShow" */ = {
			isa = XCConfigurationList;
			buildConfigurations = (
				11BB261D1DFBBE4A005C1247 /* Debug */,
				11BB261E1DFBBE4A005C1247 /* Release */,
			);
			defaultConfigurationIsVisible = 0;
			defaultConfigurationName = Release;
		};
		11BB261F1DFBBE4A005C1247 /* Build configuration list for PBXNativeTarget "NameTheShow" */ = {
			isa = XCConfigurationList;
			buildConfigurations = (
				11BB26201DFBBE4A005C1247 /* Debug */,
				11BB26211DFBBE4A005C1247 /* Release */,
			);
			defaultConfigurationIsVisible = 0;
		};
/* End XCConfigurationList section */

/* Begin XCVersionGroup section */
		11BB26141DFBBE4A005C1247 /* NameTheShow.xcdatamodeld */ = {
			isa = XCVersionGroup;
			children = (
				11BB26151DFBBE4A005C1247 /* NameTheShow.xcdatamodel */,
			);
			currentVersion = 11BB26151DFBBE4A005C1247 /* NameTheShow.xcdatamodel */;
			path = NameTheShow.xcdatamodeld;
			sourceTree = "<group>";
			versionGroupType = wrapper.xcdatamodel;
		};
/* End XCVersionGroup section */
	};
	rootObject = 11BB26021DFBBE49005C1247 /* Project object */;
}
